{
  "version": 4,
  "terraform_version": "0.12.24",
  "serial": 20,
  "lineage": "b15424da-d01a-854f-abb2-961ce8a9d31e",
  "outputs": {
    "app": {
      "value": {
        "container": "mynginx",
        "name": "webserver",
        "namespace": "yoz",
        "path": "/yoz",
        "service": 31342
      },
      "type": [
        "object",
        {
          "container": "string",
          "name": "string",
          "namespace": "string",
          "path": "string",
          "service": "number"
        }
      ]
    }
  },
  "resources": [
    {
      "mode": "managed",
      "type": "kubernetes_ingress",
      "name": "monpremieringress",
      "provider": "provider.kubernetes",
      "instances": [
        {
          "schema_version": 0,
          "attributes": {
            "id": "default/webserver-ingress",
            "load_balancer_ingress": [],
            "metadata": [
              {
                "annotations": {
                  "nginx.ingress.kubernetes.io/rewrite-target": "/"
                },
                "generate_name": "",
                "generation": 1,
                "labels": null,
                "name": "webserver-ingress",
                "namespace": "default",
                "resource_version": "865835",
                "self_link": "/apis/extensions/v1beta1/namespaces/default/ingresses/webserver-ingress",
                "uid": "d3131bb2-e3b8-11ea-a4df-5254004d77d3"
              }
            ],
            "spec": [
              {
                "backend": [],
                "rule": [
                  {
                    "host": "",
                    "http": [
                      {
                        "path": [
                          {
                            "backend": [
                              {
                                "service_name": "webserver-service-inter",
                                "service_port": "80"
                              }
                            ],
                            "path": "/yoz"
                          }
                        ]
                      }
                    ]
                  }
                ],
                "tls": []
              }
            ],
            "wait_for_load_balancer": false
          },
          "private": "bnVsbA==",
          "dependencies": [
            "kubernetes_service.monsecondservice"
          ]
        }
      ]
    },
    {
      "mode": "managed",
      "type": "kubernetes_namespace",
      "name": "yoz",
      "provider": "provider.kubernetes",
      "instances": [
        {
          "schema_version": 0,
          "attributes": {
            "id": "yoz",
            "metadata": [
              {
                "annotations": null,
                "generate_name": "",
                "generation": 0,
                "labels": {
                  "env": "prod"
                },
                "name": "yoz",
                "resource_version": "865830",
                "self_link": "/api/v1/namespaces/yoz",
                "uid": "d307d788-e3b8-11ea-a4df-5254004d77d3"
              }
            ],
            "timeouts": null
          },
          "private": "eyJlMmJmYjczMC1lY2FhLTExZTYtOGY4OC0zNDM2M2JjN2M0YzAiOnsiZGVsZXRlIjozMDAwMDAwMDAwMDB9fQ=="
        }
      ]
    },
    {
      "mode": "managed",
      "type": "kubernetes_pod",
      "name": "monpremierpod",
      "provider": "provider.kubernetes",
      "instances": [
        {
          "schema_version": 0,
          "attributes": {
            "id": "yoz/webserver",
            "metadata": [
              {
                "annotations": null,
                "generate_name": "",
                "generation": 0,
                "labels": {
                  "App": "nginx",
                  "env": "prod"
                },
                "name": "webserver",
                "namespace": "yoz",
                "resource_version": "865846",
                "self_link": "/api/v1/namespaces/yoz/pods/webserver",
                "uid": "d33a6c0d-e3b8-11ea-a4df-5254004d77d3"
              }
            ],
            "spec": [
              {
                "active_deadline_seconds": 0,
                "affinity": [],
                "automount_service_account_token": false,
                "container": [
                  {
                    "args": null,
                    "command": null,
                    "env": [],
                    "env_from": [],
                    "image": "nginx:latest",
                    "image_pull_policy": "Always",
                    "lifecycle": [],
                    "liveness_probe": [],
                    "name": "mynginx",
                    "port": [
                      {
                        "container_port": 80,
                        "host_ip": "",
                        "host_port": 0,
                        "name": "",
                        "protocol": "TCP"
                      }
                    ],
                    "readiness_probe": [],
                    "resources": [
                      {
                        "limits": null,
                        "requests": null
                      }
                    ],
                    "security_context": [],
                    "startup_probe": [],
                    "stdin": false,
                    "stdin_once": false,
                    "termination_message_path": "/dev/termination-log",
                    "tty": false,
                    "volume_mount": [],
                    "working_dir": ""
                  }
                ],
                "dns_config": [],
                "dns_policy": "ClusterFirst",
                "host_aliases": [],
                "host_ipc": false,
                "host_network": false,
                "host_pid": false,
                "hostname": "",
                "image_pull_secrets": [],
                "init_container": [],
                "node_name": "k8snode1",
                "node_selector": null,
                "priority_class_name": "",
                "restart_policy": "Always",
                "security_context": [],
                "service_account_name": "default",
                "share_process_namespace": false,
                "subdomain": "",
                "termination_grace_period_seconds": 30,
                "toleration": [],
                "volume": []
              }
            ],
            "timeouts": null
          },
          "private": "eyJlMmJmYjczMC1lY2FhLTExZTYtOGY4OC0zNDM2M2JjN2M0YzAiOnsiY3JlYXRlIjozMDAwMDAwMDAwMDAsImRlbGV0ZSI6MzAwMDAwMDAwMDAwfX0=",
          "dependencies": [
            "kubernetes_namespace.yoz"
          ]
        }
      ]
    },
    {
      "mode": "managed",
      "type": "kubernetes_service",
      "name": "monpremierservice",
      "provider": "provider.kubernetes",
      "instances": [
        {
          "schema_version": 0,
          "attributes": {
            "id": "yoz/webserver-service",
            "load_balancer_ingress": [],
            "metadata": [
              {
                "annotations": null,
                "generate_name": "",
                "generation": 0,
                "labels": null,
                "name": "webserver-service",
                "namespace": "yoz",
                "resource_version": "865849",
                "self_link": "/api/v1/namespaces/yoz/services/webserver-service",
                "uid": "d51ff627-e3b8-11ea-a4df-5254004d77d3"
              }
            ],
            "spec": [
              {
                "cluster_ip": "10.98.6.148",
                "external_ips": null,
                "external_name": "",
                "external_traffic_policy": "Cluster",
                "load_balancer_ip": "",
                "load_balancer_source_ranges": null,
                "port": [
                  {
                    "name": "",
                    "node_port": 31342,
                    "port": 80,
                    "protocol": "TCP",
                    "target_port": "80"
                  }
                ],
                "publish_not_ready_addresses": false,
                "selector": {
                  "App": "nginx"
                },
                "session_affinity": "None",
                "type": "NodePort"
              }
            ],
            "timeouts": null
          },
          "private": "eyJlMmJmYjczMC1lY2FhLTExZTYtOGY4OC0zNDM2M2JjN2M0YzAiOnsiY3JlYXRlIjo2MDAwMDAwMDAwMDB9fQ==",
          "dependencies": [
            "kubernetes_namespace.yoz",
            "kubernetes_pod.monpremierpod"
          ]
        }
      ]
    },
    {
      "mode": "managed",
      "type": "kubernetes_service",
      "name": "monsecondservice",
      "provider": "provider.kubernetes",
      "instances": [
        {
          "schema_version": 0,
          "attributes": {
            "id": "default/webserver-service-inter",
            "load_balancer_ingress": [],
            "metadata": [
              {
                "annotations": null,
                "generate_name": "",
                "generation": 0,
                "labels": null,
                "name": "webserver-service-inter",
                "namespace": "default",
                "resource_version": "865831",
                "self_link": "/api/v1/namespaces/default/services/webserver-service-inter",
                "uid": "d307c7ef-e3b8-11ea-a4df-5254004d77d3"
              }
            ],
            "spec": [
              {
                "cluster_ip": "",
                "external_ips": null,
                "external_name": "webserver-service.yoz.svc.cluster.local",
                "external_traffic_policy": "",
                "load_balancer_ip": "",
                "load_balancer_source_ranges": null,
                "port": [],
                "publish_not_ready_addresses": false,
                "selector": null,
                "session_affinity": "None",
                "type": "ExternalName"
              }
            ],
            "timeouts": null
          },
          "private": "eyJlMmJmYjczMC1lY2FhLTExZTYtOGY4OC0zNDM2M2JjN2M0YzAiOnsiY3JlYXRlIjo2MDAwMDAwMDAwMDB9fQ=="
        }
      ]
    }
  ]
}
